
Microsoft Visual Studio Solution File, Format Version 12.00
# Visual Studio 15
VisualStudioVersion = 15.0.28307.168
MinimumVisualStudioVersion = 10.0.40219.1
Project("{9A19103F-16F7-4668-BE54-9A1E7A4F7556}") = "CreateExamApp", "CreateExamApp.csproj", "{AA4F2BCA-E1CA-470C-B686-D5E68F4CF910}"
EndProject
Global
	GlobalSection(SolutionConfigurationPlatforms) = preSolution
		Debug|Any CPU = Debug|Any CPU
		Release|Any CPU = Release|Any CPU
	EndGlobalSection
	GlobalSection(ProjectConfigurationPlatforms) = postSolution
		{AA4F2BCA-E1CA-470C-B686-D5E68F4CF910}.Debug|Any CPU.ActiveCfg = Debug|Any CPU
		{AA4F2BCA-E1CA-470C-B686-D5E68F4CF910}.Debug|Any CPU.Build.0 = Debug|Any CPU
		{AA4F2BCA-E1CA-470C-B686-D5E68F4CF910}.Release|Any CPU.ActiveCfg = Release|Any CPU
		{AA4F2BCA-E1CA-470C-B686-D5E68F4CF910}.Release|Any CPU.Build.0 = Release|Any CPU
	EndGlobalSection
	GlobalSection(SolutionProperties) = preSolution
		HideSolutionNode = FALSE
	EndGlobalSection
	GlobalSection(ExtensibilityGlobals) = postSolution
		SolutionGuid = {B84C069B-26EC-43DA-A75A-CD1F51A780E8}
	EndGlobalSection
EndGlobal
